{
  "nodes": {
    "advisory-db": {
      "flake": false,
      "locked": {
        "lastModified": 1766435619,
        "narHash": "sha256-3A5Z5K28YB45REOHMWtyQ24cEUXW76MOtbT6abPrARE=",
        "owner": "rustsec",
        "repo": "advisory-db",
        "rev": "a98dbc80b16730a64c612c6ab5d5fecb4ebb79ba",
        "type": "github"
      },
      "original": {
        "owner": "rustsec",
        "repo": "advisory-db",
        "type": "github"
      }
    },
    "android-nixpkgs": {
      "inputs": {
        "devshell": "devshell",
        "flake-utils": "flake-utils_3",
        "nixpkgs": [
          "cargo-deluxe",
          "flakebox",
          "nixpkgs"
        ]
      },
      "locked": {
        "lastModified": 1727381935,
        "narHash": "sha256-G2fOYRZM7bXK5eBb+GK3k/WmO+q5JA/GtFwSPc3kdc8=",
        "owner": "tadfisher",
        "repo": "android-nixpkgs",
        "rev": "522d86121cbd413aff922c54f38106ecf8740107",
        "type": "github"
      },
      "original": {
        "owner": "tadfisher",
        "repo": "android-nixpkgs",
        "rev": "522d86121cbd413aff922c54f38106ecf8740107",
        "type": "github"
      }
    },
    "android-nixpkgs_2": {
      "inputs": {
        "devshell": "devshell_2",
        "flake-utils": "flake-utils_6",
        "nixpkgs": [
          "flakebox",
          "nixpkgs"
        ]
      },
      "locked": {
        "lastModified": 1762287806,
        "narHash": "sha256-tmF7Fm2VNukLV32w60QiFLDJB4cO26lhKdDLR8k1BX0=",
        "owner": "tadfisher",
        "repo": "android-nixpkgs",
        "rev": "d3cbdd2a82b3d054b4e283d28ba27548186a88e7",
        "type": "github"
      },
      "original": {
        "owner": "tadfisher",
        "repo": "android-nixpkgs",
        "rev": "d3cbdd2a82b3d054b4e283d28ba27548186a88e7",
        "type": "github"
      }
    },
    "bundlers": {
      "inputs": {
        "nix-bundle": "nix-bundle",
        "nix-utils": "nix-utils",
        "nixpkgs": "nixpkgs_2"
      },
      "locked": {
        "lastModified": 1753802540,
        "narHash": "sha256-KqG6DtjZK10ZCsnAXou0a6T2CXABfeeRuN8A62o0Ilg=",
        "owner": "NixOS",
        "repo": "bundlers",
        "rev": "b0bc45a7626d94b4b3a17f8cc3c95e288625c8db",
        "type": "github"
      },
      "original": {
        "owner": "NixOS",
        "repo": "bundlers",
        "rev": "b0bc45a7626d94b4b3a17f8cc3c95e288625c8db",
        "type": "github"
      }
    },
    "cargo-deluxe": {
      "inputs": {
        "flake-utils": "flake-utils_2",
        "flakebox": "flakebox",
        "nixpkgs": [
          "nixpkgs"
        ]
      },
      "locked": {
        "lastModified": 1729202329,
        "narHash": "sha256-lltxyfay1Vg1CmcAU/r3kOCQs7/WdK22YKORAgzmXkg=",
        "owner": "rustshop",
        "repo": "cargo-deluxe",
        "rev": "4acc6488d02f032434a5a1341f21f20d328bba40",
        "type": "github"
      },
      "original": {
        "owner": "rustshop",
        "repo": "cargo-deluxe",
        "rev": "4acc6488d02f032434a5a1341f21f20d328bba40",
        "type": "github"
      }
    },
    "crane": {
      "inputs": {
        "nixpkgs": [
          "cargo-deluxe",
          "flakebox",
          "nixpkgs"
        ]
      },
      "locked": {
        "lastModified": 1717383740,
        "narHash": "sha256-559HbY4uhNeoYvK3H6AMZAtVfmR3y8plXZ1x6ON/cWU=",
        "owner": "ipetkov",
        "repo": "crane",
        "rev": "b65673fce97d277934488a451724be94cc62499a",
        "type": "github"
      },
      "original": {
        "owner": "ipetkov",
        "repo": "crane",
        "rev": "b65673fce97d277934488a451724be94cc62499a",
        "type": "github"
      }
    },
    "crane_2": {
      "locked": {
        "lastModified": 1758758545,
        "narHash": "sha256-NU5WaEdfwF6i8faJ2Yh+jcK9vVFrofLcwlD/mP65JrI=",
        "owner": "ipetkov",
        "repo": "crane",
        "rev": "95d528a5f54eaba0d12102249ce42f4d01f4e364",
        "type": "github"
      },
      "original": {
        "owner": "ipetkov",
        "ref": "v0.21.1",
        "repo": "crane",
        "type": "github"
      }
    },
    "crane_3": {
      "locked": {
        "lastModified": 1755993354,
        "narHash": "sha256-FCRRAzSaL/+umLIm3RU3O/+fJ2ssaPHseI2SSFL8yZU=",
        "owner": "ipetkov",
        "repo": "crane",
        "rev": "25bd41b24426c7734278c2ff02e53258851db914",
        "type": "github"
      },
      "original": {
        "owner": "ipetkov",
        "repo": "crane",
        "type": "github"
      }
    },
    "crane_4": {
      "locked": {
        "lastModified": 1755993354,
        "narHash": "sha256-FCRRAzSaL/+umLIm3RU3O/+fJ2ssaPHseI2SSFL8yZU=",
        "owner": "ipetkov",
        "repo": "crane",
        "rev": "25bd41b24426c7734278c2ff02e53258851db914",
        "type": "github"
      },
      "original": {
        "owner": "ipetkov",
        "repo": "crane",
        "type": "github"
      }
    },
    "devshell": {
      "inputs": {
        "nixpkgs": [
          "cargo-deluxe",
          "flakebox",
          "android-nixpkgs",
          "nixpkgs"
        ],
        "systems": "systems_3"
      },
      "locked": {
        "lastModified": 1695195896,
        "narHash": "sha256-pq9q7YsGXnQzJFkR5284TmxrLNFc0wo4NQ/a5E93CQU=",
        "owner": "numtide",
        "repo": "devshell",
        "rev": "05d40d17bf3459606316e3e9ec683b784ff28f16",
        "type": "github"
      },
      "original": {
        "owner": "numtide",
        "repo": "devshell",
        "type": "github"
      }
    },
    "devshell_2": {
      "inputs": {
        "nixpkgs": [
          "flakebox",
          "android-nixpkgs",
          "nixpkgs"
        ]
      },
      "locked": {
        "lastModified": 1741473158,
        "narHash": "sha256-kWNaq6wQUbUMlPgw8Y+9/9wP0F8SHkjy24/mN3UAppg=",
        "owner": "numtide",
        "repo": "devshell",
        "rev": "7c9e793ebe66bcba8292989a68c0419b737a22a0",
        "type": "github"
      },
      "original": {
        "owner": "numtide",
        "repo": "devshell",
        "type": "github"
      }
    },
    "fenix": {
      "inputs": {
        "nixpkgs": [
          "cargo-deluxe",
          "flakebox",
          "nixpkgs"
        ],
        "rust-analyzer-src": "rust-analyzer-src"
      },
      "locked": {
        "lastModified": 1696918968,
        "narHash": "sha256-18rAHsM9YsGp7aKKemO4gKIeWfrSyDsdJZ/mk4dQ3JI=",
        "owner": "nix-community",
        "repo": "fenix",
        "rev": "638fc95a2a3d01b372c76f71cbb6d73c63909d6e",
        "type": "github"
      },
      "original": {
        "owner": "nix-community",
        "repo": "fenix",
        "type": "github"
      }
    },
    "fenix_2": {
      "inputs": {
        "nixpkgs": [
          "nixpkgs"
        ],
        "rust-analyzer-src": "rust-analyzer-src_2"
      },
      "locked": {
        "lastModified": 1757659051,
        "narHash": "sha256-pQfaow3cp1YJtV0JZiz8jC4Y8VQjT4CYZ3OAfFe41Zs=",
        "owner": "nix-community",
        "repo": "fenix",
        "rev": "9479f6dd16e83add0ef0186662d65e7763b37ebe",
        "type": "github"
      },
      "original": {
        "owner": "nix-community",
        "repo": "fenix",
        "type": "github"
      }
    },
    "flake-utils": {
      "locked": {
        "lastModified": 1623875721,
        "narHash": "sha256-A8BU7bjS5GirpAUv4QA+QnJ4CceLHkcXdRp4xITDB0s=",
        "owner": "numtide",
        "repo": "flake-utils",
        "rev": "f7e004a55b120c02ecb6219596820fcd32ca8772",
        "type": "github"
      },
      "original": {
        "owner": "numtide",
        "repo": "flake-utils",
        "type": "github"
      }
    },
    "flake-utils_2": {
      "inputs": {
        "systems": "systems_2"
      },
      "locked": {
        "lastModified": 1694529238,
        "narHash": "sha256-zsNZZGTGnMOf9YpHKJqMSsa0dXbfmxeoJ7xHlrt+xmY=",
        "owner": "numtide",
        "repo": "flake-utils",
        "rev": "ff7b65b44d01cf9ba6a71320833626af21126384",
        "type": "github"
      },
      "original": {
        "owner": "numtide",
        "repo": "flake-utils",
        "type": "github"
      }
    },
    "flake-utils_3": {
      "inputs": {
        "systems": "systems_4"
      },
      "locked": {
        "lastModified": 1694529238,
        "narHash": "sha256-zsNZZGTGnMOf9YpHKJqMSsa0dXbfmxeoJ7xHlrt+xmY=",
        "owner": "numtide",
        "repo": "flake-utils",
        "rev": "ff7b65b44d01cf9ba6a71320833626af21126384",
        "type": "github"
      },
      "original": {
        "owner": "numtide",
        "repo": "flake-utils",
        "type": "github"
      }
    },
    "flake-utils_4": {
      "inputs": {
        "systems": [
          "cargo-deluxe",
          "flakebox",
          "systems"
        ]
      },
      "locked": {
        "lastModified": 1694529238,
        "narHash": "sha256-zsNZZGTGnMOf9YpHKJqMSsa0dXbfmxeoJ7xHlrt+xmY=",
        "owner": "numtide",
        "repo": "flake-utils",
        "rev": "ff7b65b44d01cf9ba6a71320833626af21126384",
        "type": "github"
      },
      "original": {
        "owner": "numtide",
        "repo": "flake-utils",
        "type": "github"
      }
    },
    "flake-utils_5": {
      "inputs": {
        "systems": "systems_6"
      },
      "locked": {
        "lastModified": 1731533236,
        "narHash": "sha256-l0KFg5HjrsfsO/JpG+r7fRrqm12kzFHyUHqHCVpMMbI=",
        "owner": "numtide",
        "repo": "flake-utils",
        "rev": "11707dc2f618dd54ca8739b309ec4fc024de578b",
        "type": "github"
      },
      "original": {
        "owner": "numtide",
        "repo": "flake-utils",
        "type": "github"
      }
    },
    "flake-utils_6": {
      "inputs": {
        "systems": "systems_7"
      },
      "locked": {
        "lastModified": 1731533236,
        "narHash": "sha256-l0KFg5HjrsfsO/JpG+r7fRrqm12kzFHyUHqHCVpMMbI=",
        "owner": "numtide",
        "repo": "flake-utils",
        "rev": "11707dc2f618dd54ca8739b309ec4fc024de578b",
        "type": "github"
      },
      "original": {
        "owner": "numtide",
        "repo": "flake-utils",
        "type": "github"
      }
    },
    "flake-utils_7": {
      "inputs": {
        "systems": [
          "flakebox",
          "systems"
        ]
      },
      "locked": {
        "lastModified": 1731533236,
        "narHash": "sha256-l0KFg5HjrsfsO/JpG+r7fRrqm12kzFHyUHqHCVpMMbI=",
        "owner": "numtide",
        "repo": "flake-utils",
        "rev": "11707dc2f618dd54ca8739b309ec4fc024de578b",
        "type": "github"
      },
      "original": {
        "owner": "numtide",
        "repo": "flake-utils",
        "type": "github"
      }
    },
    "flakebox": {
      "inputs": {
        "android-nixpkgs": "android-nixpkgs",
        "crane": "crane",
        "fenix": "fenix",
        "flake-utils": "flake-utils_4",
        "nixpkgs": "nixpkgs_3",
        "systems": "systems_5"
      },
      "locked": {
        "lastModified": 1728662483,
        "narHash": "sha256-phVyjjgVmHFUF6+DGFRA+1fCV0zs8ipwRn/M33LtIYY=",
        "owner": "rustshop",
        "repo": "flakebox",
        "rev": "1a65534520d8a592fd7d75f7db18cfed40fa5c09",
        "type": "github"
      },
      "original": {
        "owner": "rustshop",
        "repo": "flakebox",
        "type": "github"
      }
    },
    "flakebox_2": {
      "inputs": {
        "android-nixpkgs": "android-nixpkgs_2",
        "crane": "crane_2",
        "fenix": [
          "fenix"
        ],
        "flake-utils": "flake-utils_7",
        "nixpkgs": [
          "nixpkgs"
        ],
        "systems": "systems_8",
        "wild": "wild"
      },
      "locked": {
        "lastModified": 1768170748,
        "narHash": "sha256-RZ1PQEVhNtlqBYCvAA8eRSm4zmtpxZEFa88stifg25o=",
        "owner": "dpc",
        "repo": "flakebox",
        "rev": "62af969ab344229d2a0d585a482293b3f186b221",
        "type": "github"
      },
      "original": {
        "owner": "dpc",
        "repo": "flakebox",
        "rev": "62af969ab344229d2a0d585a482293b3f186b221",
        "type": "github"
      }
    },
    "nix-bundle": {
      "inputs": {
        "nixpkgs": [
          "bundlers",
          "nixpkgs"
        ],
        "utils": "utils"
      },
      "locked": {
        "lastModified": 1729095141,
        "narHash": "sha256-2AXV3I8D/I3UkQY797j/fSKrIwbUpTVZ82s2O/ErtVM=",
        "owner": "nix-community",
        "repo": "nix-bundle",
        "rev": "4f6330b20767744a4c28788e3cdb05e02d096cd8",
        "type": "github"
      },
      "original": {
        "owner": "nix-community",
        "repo": "nix-bundle",
        "type": "github"
      }
    },
    "nix-utils": {
      "inputs": {
        "flake-utils": "flake-utils",
        "nixpkgs": "nixpkgs"
      },
      "locked": {
        "lastModified": 1744222205,
        "narHash": "sha256-di1eNHQdpvvyXv6i7Z+S79KF7cQyhTs7AdFHp7q1e3Q=",
        "owner": "juliosueiras-nix",
        "repo": "nix-utils",
        "rev": "53282197ad090c8cf47c96e99bf6c6c3b2cdc7c0",
        "type": "github"
      },
      "original": {
        "owner": "juliosueiras-nix",
        "repo": "nix-utils",
        "type": "github"
      }
    },
    "nixpkgs": {
      "locked": {
        "lastModified": 1629252929,
        "narHash": "sha256-Aj20gmGBs8TG7pyaQqgbsqAQ6cB+TVuL18Pk3DPBxcQ=",
        "owner": "nixos",
        "repo": "nixpkgs",
        "rev": "3788c68def67ca7949e0864c27638d484389363d",
        "type": "github"
      },
      "original": {
        "owner": "nixos",
        "repo": "nixpkgs",
        "type": "github"
      }
    },
    "nixpkgs-unstable": {
      "locked": {
        "lastModified": 1762605048,
        "narHash": "sha256-prkwN3TKiG1T7Qi4PwAknD6h8iLapgqt4nfyUdsVFKg=",
        "owner": "nixos",
        "repo": "nixpkgs",
        "rev": "d157ecd9b559c9103c4d69904277c37e062344bf",
        "type": "github"
      },
      "original": {
        "owner": "nixos",
        "repo": "nixpkgs",
        "rev": "d157ecd9b559c9103c4d69904277c37e062344bf",
        "type": "github"
      }
    },
    "nixpkgs_2": {
      "locked": {
        "lastModified": 1728492678,
        "narHash": "sha256-9UTxR8eukdg+XZeHgxW5hQA9fIKHsKCdOIUycTryeVw=",
        "owner": "NixOS",
        "repo": "nixpkgs",
        "rev": "5633bcff0c6162b9e4b5f1264264611e950c8ec7",
        "type": "github"
      },
      "original": {
        "owner": "NixOS",
        "ref": "nixos-unstable",
        "repo": "nixpkgs",
        "type": "github"
      }
    },
    "nixpkgs_3": {
      "locked": {
        "lastModified": 1728492678,
        "narHash": "sha256-9UTxR8eukdg+XZeHgxW5hQA9fIKHsKCdOIUycTryeVw=",
        "owner": "nixos",
        "repo": "nixpkgs",
        "rev": "5633bcff0c6162b9e4b5f1264264611e950c8ec7",
        "type": "github"
      },
      "original": {
        "owner": "nixos",
        "ref": "nixos-unstable",
        "repo": "nixpkgs",
        "type": "github"
      }
    },
    "nixpkgs_4": {
      "locked": {
        "lastModified": 1769089682,
        "narHash": "sha256-9yA/LIuAVQq0lXelrZPjLuLVuZdm03p8tfmHhnDIkms=",
        "owner": "nixos",
        "repo": "nixpkgs",
        "rev": "078d69f03934859a181e81ba987c2bb033eebfc5",
        "type": "github"
      },
      "original": {
        "owner": "nixos",
        "ref": "nixos-25.11",
        "repo": "nixpkgs",
        "type": "github"
      }
    },
    "root": {
      "inputs": {
        "advisory-db": "advisory-db",
        "bundlers": "bundlers",
        "cargo-deluxe": "cargo-deluxe",
        "fenix": "fenix_2",
        "flake-utils": "flake-utils_5",
        "flakebox": "flakebox_2",
        "nixpkgs": "nixpkgs_4",
        "nixpkgs-unstable": "nixpkgs-unstable",
        "wild": "wild_2"
      }
    },
    "rust-analyzer-src": {
      "flake": false,
      "locked": {
        "lastModified": 1696840854,
        "narHash": "sha256-wphOvjDSDsUN5DMe3MOhdargANIab7YE3hkh3Qv7qso=",
        "owner": "rust-lang",
        "repo": "rust-analyzer",
        "rev": "aaa1e8e1b82d742b876d164a30dda02f318ce809",
        "type": "github"
      },
      "original": {
        "owner": "rust-lang",
        "ref": "nightly",
        "repo": "rust-analyzer",
        "type": "github"
      }
    },
    "rust-analyzer-src_2": {
      "flake": false,
      "locked": {
        "lastModified": 1757362324,
        "narHash": "sha256-/PAhxheUq4WBrW5i/JHzcCqK5fGWwLKdH6/Lu1tyS18=",
        "owner": "rust-lang",
        "repo": "rust-analyzer",
        "rev": "9edc9cbe5d8e832b5864e09854fa94861697d2fd",
        "type": "github"
      },
      "original": {
        "owner": "rust-lang",
        "ref": "nightly",
        "repo": "rust-analyzer",
        "type": "github"
      }
    },
    "systems": {
      "locked": {
        "lastModified": 1681028828,
        "narHash": "sha256-Vy1rq5AaRuLzOxct8nz4T6wlgyUR7zLU309k9mBC768=",
        "owner": "nix-systems",
        "repo": "default",
        "rev": "da67096a3b9bf56a91d16901293e51ba5b49a27e",
        "type": "github"
      },
      "original": {
        "owner": "nix-systems",
        "repo": "default",
        "type": "github"
      }
    },
    "systems_2": {
      "locked": {
        "lastModified": 1681028828,
        "narHash": "sha256-Vy1rq5AaRuLzOxct8nz4T6wlgyUR7zLU309k9mBC768=",
        "owner": "nix-systems",
        "repo": "default",
        "rev": "da67096a3b9bf56a91d16901293e51ba5b49a27e",
        "type": "github"
      },
      "original": {
        "owner": "nix-systems",
        "repo": "default",
        "type": "github"
      }
    },
    "systems_3": {
      "locked": {
        "lastModified": 1681028828,
        "narHash": "sha256-Vy1rq5AaRuLzOxct8nz4T6wlgyUR7zLU309k9mBC768=",
        "owner": "nix-systems",
        "repo": "default",
        "rev": "da67096a3b9bf56a91d16901293e51ba5b49a27e",
        "type": "github"
      },
      "original": {
        "owner": "nix-systems",
        "repo": "default",
        "type": "github"
      }
    },
    "systems_4": {
      "locked": {
        "lastModified": 1681028828,
        "narHash": "sha256-Vy1rq5AaRuLzOxct8nz4T6wlgyUR7zLU309k9mBC768=",
        "owner": "nix-systems",
        "repo": "default",
        "rev": "da67096a3b9bf56a91d16901293e51ba5b49a27e",
        "type": "github"
      },
      "original": {
        "owner": "nix-systems",
        "repo": "default",
        "type": "github"
      }
    },
    "systems_5": {
      "locked": {
        "lastModified": 1681028828,
        "narHash": "sha256-Vy1rq5AaRuLzOxct8nz4T6wlgyUR7zLU309k9mBC768=",
        "owner": "nix-systems",
        "repo": "default",
        "rev": "da67096a3b9bf56a91d16901293e51ba5b49a27e",
        "type": "github"
      },
      "original": {
        "owner": "nix-systems",
        "repo": "default",
        "type": "github"
      }
    },
    "systems_6": {
      "locked": {
        "lastModified": 1681028828,
        "narHash": "sha256-Vy1rq5AaRuLzOxct8nz4T6wlgyUR7zLU309k9mBC768=",
        "owner": "nix-systems",
        "repo": "default",
        "rev": "da67096a3b9bf56a91d16901293e51ba5b49a27e",
        "type": "github"
      },
      "original": {
        "owner": "nix-systems",
        "repo": "default",
        "type": "github"
      }
    },
    "systems_7": {
      "locked": {
        "lastModified": 1681028828,
        "narHash": "sha256-Vy1rq5AaRuLzOxct8nz4T6wlgyUR7zLU309k9mBC768=",
        "owner": "nix-systems",
        "repo": "default",
        "rev": "da67096a3b9bf56a91d16901293e51ba5b49a27e",
        "type": "github"
      },
      "original": {
        "owner": "nix-systems",
        "repo": "default",
        "type": "github"
      }
    },
    "systems_8": {
      "locked": {
        "lastModified": 1681028828,
        "narHash": "sha256-Vy1rq5AaRuLzOxct8nz4T6wlgyUR7zLU309k9mBC768=",
        "owner": "nix-systems",
        "repo": "default",
        "rev": "da67096a3b9bf56a91d16901293e51ba5b49a27e",
        "type": "github"
      },
      "original": {
        "owner": "nix-systems",
        "repo": "default",
        "type": "github"
      }
    },
    "utils": {
      "inputs": {
        "systems": "systems"
      },
      "locked": {
        "lastModified": 1726560853,
        "narHash": "sha256-X6rJYSESBVr3hBoH0WbKE5KvhPU5bloyZ2L4K60/fPQ=",
        "owner": "numtide",
        "repo": "flake-utils",
        "rev": "c1dfcf08411b08f6b8615f7d8971a2bfa81d5e8a",
        "type": "github"
      },
      "original": {
        "owner": "numtide",
        "repo": "flake-utils",
        "type": "github"
      }
    },
    "wild": {
      "inputs": {
        "crane": "crane_3",
        "nixpkgs": [
          "flakebox",
          "nixpkgs"
        ]
      },
      "locked": {
        "lastModified": 1762215977,
        "narHash": "sha256-x0IZuWjj0LRMj4pu2FVaD8SENm/UVtE1e4rl0EOZZZM=",
        "owner": "davidlattimore",
        "repo": "wild",
        "rev": "7daaf0c89f7b4b9c9ded36e7b3c72aa6512537a1",
        "type": "github"
      },
      "original": {
        "owner": "davidlattimore",
        "ref": "0.7.0",
        "repo": "wild",
        "type": "github"
      }
    },
    "wild_2": {
      "inputs": {
        "crane": "crane_4",
        "nixpkgs": [
          "nixpkgs"
        ]
      },
      "locked": {
        "lastModified": 1762215977,
        "narHash": "sha256-x0IZuWjj0LRMj4pu2FVaD8SENm/UVtE1e4rl0EOZZZM=",
        "owner": "davidlattimore",
        "repo": "wild",
        "rev": "7daaf0c89f7b4b9c9ded36e7b3c72aa6512537a1",
        "type": "github"
      },
      "original": {
        "owner": "davidlattimore",
        "repo": "wild",
        "type": "github"
      }
    }
  },
  "root": "root",
  "version": 7
}
